[{<<"emysql">>,
  {git,"https://github.com/inaka/Emysql.git",
       {ref,"3ba6e876381525223b557eb6490d0f5dc664b3b8"}},
  0},
 {<<"eper">>,
  {git,"git://github.com/mhald/eper.git",
       {ref,"1db9122c043a4d70312c58c908f01f52068ce03e"}},
  2},
 {<<"goldrush">>,
  {git,"git://github.com/DeadZen/goldrush.git",
       {ref,"64864ba7fcf40988361340e48680b49a2c2938cf"}},
  1},
 {<<"lager">>,
  {git,"https://github.com/basho/lager.git",
       {ref,"cbf6679c6a693772fd1629c9cdc093e4c6c4ebf8"}},
  0},
 {<<"mixer">>,
  {git,"https://github.com/inaka/mixer",
       {ref,"086a537f33ac6d927eaf68ee6aa6250b1d246baf"}},
  1},
 {<<"quickrand">>,
  {git,"https://github.com/okeuday/quickrand.git",
       {ref,"49aa03828233b2fec398ea4244a568aeac827dd8"}},
  2},
 {<<"sumo_db">>,
  {git,"https://github.com/inaka/sumo_db.git",
       {ref,"e99d05e48d50a9785f822482596ee7a77c7cbdfd"}},
  0},
 {<<"uuid">>,
  {git,"https://github.com/okeuday/uuid.git",
       {ref,"6bc38507460c821321d66504d3f8d6c1cdb57d98"}},
  1},
 {<<"worker_pool">>,
  {git,"https://github.com/inaka/worker_pool.git",
       {ref,"5789bde4a95122edd1079dd0fe8fccf6dbeb92e1"}},
  1}].
